
Microsoft Visual Studio Solution File, Format Version 12.00
# Visual Studio Version 17
VisualStudioVersion = 17.9.34723.18
MinimumVisualStudioVersion = 10.0.40219.1
Project("{8BC9CEB8-8B4A-11D0-8D11-00A0C91BC942}") = "OilDiver_Vehicle_PLCCommunication", "OilDiver_Vehicle_PLCCommunication\OilDiver_Vehicle_PLCCommunication.vcxproj", "{74329C99-2DE9-4923-94BB-0090B2818013}"
EndProject
Global
	GlobalSection(SolutionConfigurationPlatforms) = preSolution
		Debug|x64 = Debug|x64
		Debug|x86 = Debug|x86
		Release|x64 = Release|x64
		Release|x86 = Release|x86
	EndGlobalSection
	GlobalSection(ProjectConfigurationPlatforms) = postSolution
		{74329C99-2DE9-4923-94BB-0090B2818013}.Debug|x64.ActiveCfg = Debug|x64
		{74329C99-2DE9-4923-94BB-0090B2818013}.Debug|x64.Build.0 = Debug|x64
		{74329C99-2DE9-4923-94BB-0090B2818013}.Debug|x86.ActiveCfg = Debug|Win32
		{74329C99-2DE9-4923-94BB-0090B2818013}.Debug|x86.Build.0 = Debug|Win32
		{74329C99-2DE9-4923-94BB-0090B2818013}.Release|x64.ActiveCfg = Release|x64
		{74329C99-2DE9-4923-94BB-0090B2818013}.Release|x64.Build.0 = Release|x64
		{74329C99-2DE9-4923-94BB-0090B2818013}.Release|x86.ActiveCfg = Release|Win32
		{74329C99-2DE9-4923-94BB-0090B2818013}.Release|x86.Build.0 = Release|Win32
	EndGlobalSection
	GlobalSection(SolutionProperties) = preSolution
		HideSolutionNode = FALSE
	EndGlobalSection
	GlobalSection(ExtensibilityGlobals) = postSolution
		SolutionGuid = {D3BCDAA9-0788-45BC-BFED-DA850E12EB6A}
	EndGlobalSection
EndGlobal
